
Microsoft Visual Studio Solution File, Format Version 12.00
# Visual Studio Version 17
VisualStudioVersion = 17.5.33530.505
MinimumVisualStudioVersion = 10.0.40219.1
Project("{FAE04EC0-301F-11D3-BF4B-00C04F79EFBC}") = "Ejercicio2Tarea2", "Ejercicio2Tarea2\Ejercicio2Tarea2.csproj", "{34F07341-9D6D-4695-B7AD-F513DF1B1C52}"
EndProject
Global
	GlobalSection(SolutionConfigurationPlatforms) = preSolution
		Debug|Any CPU = Debug|Any CPU
		Release|Any CPU = Release|Any CPU
	EndGlobalSection
	GlobalSection(ProjectConfigurationPlatforms) = postSolution
		{34F07341-9D6D-4695-B7AD-F513DF1B1C52}.Debug|Any CPU.ActiveCfg = Debug|Any CPU
		{34F07341-9D6D-4695-B7AD-F513DF1B1C52}.Debug|Any CPU.Build.0 = Debug|Any CPU
		{34F07341-9D6D-4695-B7AD-F513DF1B1C52}.Release|Any CPU.ActiveCfg = Release|Any CPU
		{34F07341-9D6D-4695-B7AD-F513DF1B1C52}.Release|Any CPU.Build.0 = Release|Any CPU
	EndGlobalSection
	GlobalSection(SolutionProperties) = preSolution
		HideSolutionNode = FALSE
	EndGlobalSection
	GlobalSection(ExtensibilityGlobals) = postSolution
		SolutionGuid = {12AD83D4-27D5-4B23-8E1B-4D1284C47E01}
	EndGlobalSection
EndGlobal
